github.com/sashabaranov/go-openai v1.24.0 h1:4H4Pg8Bl2RH/YSnU8DYumZbuHnnkfioor/dtNlB20D4=
github.com/sashabaranov/go-openai v1.24.0/go.mod h1:lj5b/K+zjTSFxVLijLSTDZuP7adOgerWeFyZLUhAKRg=
github.com/sashabaranov/go-openai v1.24.1 h1:DWK95XViNb+agQtuzsn+FyHhn3HQJ7Va8z04DQDJ1MI=
github.com/sashabaranov/go-openai v1.24.1/go.mod h1:lj5b/K+zjTSFxVLijLSTDZuP7adOgerWeFyZLUhAKRg=
